
Microsoft Visual Studio Solution File, Format Version 12.00
# Visual Studio 15
Project("{FAE04EC0-301F-11D3-BF4B-00C04F79EFBC}") = "Input_Output", "Chapter2_Exercises\Input_Output.csproj", "{19A32F90-07A5-4409-A240-2DDAD2090D2C}"
EndProject
Project("{FAE04EC0-301F-11D3-BF4B-00C04F79EFBC}") = "Numeric_Types", "Numeric_Types\Numeric_Types.csproj", "{D0DCD280-66EE-4A34-B735-9AD9D708A92E}"
EndProject
Project("{FAE04EC0-301F-11D3-BF4B-00C04F79EFBC}") = "More_Numeric_Types", "More_Numeric_Types\More_Numeric_Types.csproj", "{A7C65AAF-B5AD-4CA2-9F85-AA2F17EA7F1B}"
EndProject
Project("{FAE04EC0-301F-11D3-BF4B-00C04F79EFBC}") = "Strings", "Strings\Strings.csproj", "{E6876935-37AC-4E16-9C69-11ECC58616D2}"
EndProject
Global
	GlobalSection(SolutionConfigurationPlatforms) = preSolution
		Debug|Any CPU = Debug|Any CPU
		Release|Any CPU = Release|Any CPU
	EndGlobalSection
	GlobalSection(ProjectConfigurationPlatforms) = postSolution
		{19A32F90-07A5-4409-A240-2DDAD2090D2C}.Debug|Any CPU.ActiveCfg = Debug|Any CPU
		{19A32F90-07A5-4409-A240-2DDAD2090D2C}.Debug|Any CPU.Build.0 = Debug|Any CPU
		{19A32F90-07A5-4409-A240-2DDAD2090D2C}.Release|Any CPU.ActiveCfg = Release|Any CPU
		{19A32F90-07A5-4409-A240-2DDAD2090D2C}.Release|Any CPU.Build.0 = Release|Any CPU
		{D0DCD280-66EE-4A34-B735-9AD9D708A92E}.Debug|Any CPU.ActiveCfg = Debug|Any CPU
		{D0DCD280-66EE-4A34-B735-9AD9D708A92E}.Debug|Any CPU.Build.0 = Debug|Any CPU
		{D0DCD280-66EE-4A34-B735-9AD9D708A92E}.Release|Any CPU.ActiveCfg = Release|Any CPU
		{D0DCD280-66EE-4A34-B735-9AD9D708A92E}.Release|Any CPU.Build.0 = Release|Any CPU
		{A7C65AAF-B5AD-4CA2-9F85-AA2F17EA7F1B}.Debug|Any CPU.ActiveCfg = Debug|Any CPU
		{A7C65AAF-B5AD-4CA2-9F85-AA2F17EA7F1B}.Debug|Any CPU.Build.0 = Debug|Any CPU
		{A7C65AAF-B5AD-4CA2-9F85-AA2F17EA7F1B}.Release|Any CPU.ActiveCfg = Release|Any CPU
		{A7C65AAF-B5AD-4CA2-9F85-AA2F17EA7F1B}.Release|Any CPU.Build.0 = Release|Any CPU
		{E6876935-37AC-4E16-9C69-11ECC58616D2}.Debug|Any CPU.ActiveCfg = Debug|Any CPU
		{E6876935-37AC-4E16-9C69-11ECC58616D2}.Debug|Any CPU.Build.0 = Debug|Any CPU
		{E6876935-37AC-4E16-9C69-11ECC58616D2}.Release|Any CPU.ActiveCfg = Release|Any CPU
		{E6876935-37AC-4E16-9C69-11ECC58616D2}.Release|Any CPU.Build.0 = Release|Any CPU
	EndGlobalSection
EndGlobal
